
Microsoft Visual Studio Solution File, Format Version 12.00
# Visual Studio Version 16
VisualStudioVersion = 16.0.31613.86
MinimumVisualStudioVersion = 10.0.40219.1
Project("{FAE04EC0-301F-11D3-BF4B-00C04F79EFBC}") = "Theresa3rd-Bot", "Theresa3rd-Bot.csproj", "{C877B74D-163C-463B-B112-C8A8CB9A58A5}"
EndProject
Global
	GlobalSection(SolutionConfigurationPlatforms) = preSolution
		Debug|Any CPU = Debug|Any CPU
		Release|Any CPU = Release|Any CPU
	EndGlobalSection
	GlobalSection(ProjectConfigurationPlatforms) = postSolution
		{C877B74D-163C-463B-B112-C8A8CB9A58A5}.Debug|Any CPU.ActiveCfg = Debug|Any CPU
		{C877B74D-163C-463B-B112-C8A8CB9A58A5}.Debug|Any CPU.Build.0 = Debug|Any CPU
		{C877B74D-163C-463B-B112-C8A8CB9A58A5}.Release|Any CPU.ActiveCfg = Release|Any CPU
		{C877B74D-163C-463B-B112-C8A8CB9A58A5}.Release|Any CPU.Build.0 = Release|Any CPU
	EndGlobalSection
	GlobalSection(SolutionProperties) = preSolution
		HideSolutionNode = FALSE
	EndGlobalSection
	GlobalSection(ExtensibilityGlobals) = postSolution
		SolutionGuid = {7CBE3A1D-EBE5-4B28-A8DE-FE1834C76EBF}
	EndGlobalSection
EndGlobal
