
Microsoft Visual Studio Solution File, Format Version 12.00
# Visual Studio Version 17
VisualStudioVersion = 17.0.32014.148
MinimumVisualStudioVersion = 10.0.40219.1
Project("{9A19103F-16F7-4668-BE54-9A1E7A4F7556}") = "TheresaBot.MiraiHttpApi", "TheresaBot.MiraiHttpApi\TheresaBot.MiraiHttpApi.csproj", "{75843960-27A1-41AA-BA64-C369386F4346}"
EndProject
Project("{9A19103F-16F7-4668-BE54-9A1E7A4F7556}") = "TheresaBot.Core", "TheresaBot.Core\TheresaBot.Core.csproj", "{7E73EE3D-5000-4DD8-8D96-0D809DD50255}"
EndProject
Project("{9A19103F-16F7-4668-BE54-9A1E7A4F7556}") = "TheresaBot.GoCqHttp", "TheresaBot.GoCqHttp\TheresaBot.GoCqHttp.csproj", "{8A8DD010-C15A-463F-B559-80CA91778762}"
EndProject
Project("{9A19103F-16F7-4668-BE54-9A1E7A4F7556}") = "TheresaBot.OneBot11", "TheresaBot.OneBot11\TheresaBot.OneBot11.csproj", "{07862D90-9B5C-4637-8C30-3CE6D73E1D02}"
EndProject
Global
	GlobalSection(SolutionConfigurationPlatforms) = preSolution
		Debug|Any CPU = Debug|Any CPU
		Release|Any CPU = Release|Any CPU
	EndGlobalSection
	GlobalSection(ProjectConfigurationPlatforms) = postSolution
		{75843960-27A1-41AA-BA64-C369386F4346}.Debug|Any CPU.ActiveCfg = Debug|Any CPU
		{75843960-27A1-41AA-BA64-C369386F4346}.Debug|Any CPU.Build.0 = Debug|Any CPU
		{75843960-27A1-41AA-BA64-C369386F4346}.Release|Any CPU.ActiveCfg = Release|Any CPU
		{75843960-27A1-41AA-BA64-C369386F4346}.Release|Any CPU.Build.0 = Release|Any CPU
		{7E73EE3D-5000-4DD8-8D96-0D809DD50255}.Debug|Any CPU.ActiveCfg = Debug|Any CPU
		{7E73EE3D-5000-4DD8-8D96-0D809DD50255}.Debug|Any CPU.Build.0 = Debug|Any CPU
		{7E73EE3D-5000-4DD8-8D96-0D809DD50255}.Release|Any CPU.ActiveCfg = Release|Any CPU
		{7E73EE3D-5000-4DD8-8D96-0D809DD50255}.Release|Any CPU.Build.0 = Release|Any CPU
		{8A8DD010-C15A-463F-B559-80CA91778762}.Debug|Any CPU.ActiveCfg = Debug|Any CPU
		{8A8DD010-C15A-463F-B559-80CA91778762}.Debug|Any CPU.Build.0 = Debug|Any CPU
		{8A8DD010-C15A-463F-B559-80CA91778762}.Release|Any CPU.ActiveCfg = Release|Any CPU
		{8A8DD010-C15A-463F-B559-80CA91778762}.Release|Any CPU.Build.0 = Release|Any CPU
		{07862D90-9B5C-4637-8C30-3CE6D73E1D02}.Debug|Any CPU.ActiveCfg = Debug|Any CPU
		{07862D90-9B5C-4637-8C30-3CE6D73E1D02}.Debug|Any CPU.Build.0 = Debug|Any CPU
		{07862D90-9B5C-4637-8C30-3CE6D73E1D02}.Release|Any CPU.ActiveCfg = Release|Any CPU
		{07862D90-9B5C-4637-8C30-3CE6D73E1D02}.Release|Any CPU.Build.0 = Release|Any CPU
	EndGlobalSection
	GlobalSection(SolutionProperties) = preSolution
		HideSolutionNode = FALSE
	EndGlobalSection
	GlobalSection(ExtensibilityGlobals) = postSolution
		SolutionGuid = {7CBE3A1D-EBE5-4B28-A8DE-FE1834C76EBF}
	EndGlobalSection
EndGlobal
